
Microsoft Visual Studio Solution File, Format Version 12.00
# Visual Studio Version 16
VisualStudioVersion = 16.0.30128.74
MinimumVisualStudioVersion = 10.0.40219.1
Project("{FAE04EC0-301F-11D3-BF4B-00C04F79EFBC}") = "StatefulQueue", "StatefulQueue\StatefulQueue.csproj", "{A0EEC4C8-74A7-42D4-8A6A-5214DE47C377}"
EndProject
Project("{9A19103F-16F7-4668-BE54-9A1E7A4F7556}") = "Application", "Application\Application.csproj", "{44D63420-026D-43C8-B797-603E4DF70175}"
EndProject
Global
	GlobalSection(SolutionConfigurationPlatforms) = preSolution
		Debug|Any CPU = Debug|Any CPU
		Release|Any CPU = Release|Any CPU
	EndGlobalSection
	GlobalSection(ProjectConfigurationPlatforms) = postSolution
		{A0EEC4C8-74A7-42D4-8A6A-5214DE47C377}.Debug|Any CPU.ActiveCfg = Debug|Any CPU
		{A0EEC4C8-74A7-42D4-8A6A-5214DE47C377}.Debug|Any CPU.Build.0 = Debug|Any CPU
		{A0EEC4C8-74A7-42D4-8A6A-5214DE47C377}.Release|Any CPU.ActiveCfg = Release|Any CPU
		{A0EEC4C8-74A7-42D4-8A6A-5214DE47C377}.Release|Any CPU.Build.0 = Release|Any CPU
		{44D63420-026D-43C8-B797-603E4DF70175}.Debug|Any CPU.ActiveCfg = Debug|Any CPU
		{44D63420-026D-43C8-B797-603E4DF70175}.Debug|Any CPU.Build.0 = Debug|Any CPU
		{44D63420-026D-43C8-B797-603E4DF70175}.Release|Any CPU.ActiveCfg = Release|Any CPU
		{44D63420-026D-43C8-B797-603E4DF70175}.Release|Any CPU.Build.0 = Release|Any CPU
	EndGlobalSection
	GlobalSection(SolutionProperties) = preSolution
		HideSolutionNode = FALSE
	EndGlobalSection
	GlobalSection(ExtensibilityGlobals) = postSolution
		SolutionGuid = {C4622B36-9DBA-4561-8FFE-1802930FC95D}
	EndGlobalSection
EndGlobal
